
Microsoft Visual Studio Solution File, Format Version 12.00
# Visual Studio 15
VisualStudioVersion = 15.0.28307.329
MinimumVisualStudioVersion = 10.0.40219.1
Project("{FAE04EC0-301F-11D3-BF4B-00C04F79EFBC}") = "Task1", "Task1\Task1.csproj", "{E5325100-7B0D-4527-B86F-5437B0141802}"
EndProject
Global
	GlobalSection(SolutionConfigurationPlatforms) = preSolution
		Debug|Any CPU = Debug|Any CPU
		Release|Any CPU = Release|Any CPU
	EndGlobalSection
	GlobalSection(ProjectConfigurationPlatforms) = postSolution
		{E5325100-7B0D-4527-B86F-5437B0141802}.Debug|Any CPU.ActiveCfg = Debug|Any CPU
		{E5325100-7B0D-4527-B86F-5437B0141802}.Debug|Any CPU.Build.0 = Debug|Any CPU
		{E5325100-7B0D-4527-B86F-5437B0141802}.Release|Any CPU.ActiveCfg = Release|Any CPU
		{E5325100-7B0D-4527-B86F-5437B0141802}.Release|Any CPU.Build.0 = Release|Any CPU
	EndGlobalSection
	GlobalSection(SolutionProperties) = preSolution
		HideSolutionNode = FALSE
	EndGlobalSection
	GlobalSection(ExtensibilityGlobals) = postSolution
		SolutionGuid = {896E8775-5DCF-49DE-92E2-A12B87CBF501}
	EndGlobalSection
EndGlobal
