
Microsoft Visual Studio Solution File, Format Version 12.00
# Visual Studio 15
VisualStudioVersion = 15.0.28307.329
MinimumVisualStudioVersion = 10.0.40219.1
Project("{FAE04EC0-301F-11D3-BF4B-00C04F79EFBC}") = "Task2", "Task2\Task2.csproj", "{162C1D8F-0682-4F2C-8E1B-0A5776AAD736}"
EndProject
Global
	GlobalSection(SolutionConfigurationPlatforms) = preSolution
		Debug|Any CPU = Debug|Any CPU
		Release|Any CPU = Release|Any CPU
	EndGlobalSection
	GlobalSection(ProjectConfigurationPlatforms) = postSolution
		{162C1D8F-0682-4F2C-8E1B-0A5776AAD736}.Debug|Any CPU.ActiveCfg = Debug|Any CPU
		{162C1D8F-0682-4F2C-8E1B-0A5776AAD736}.Debug|Any CPU.Build.0 = Debug|Any CPU
		{162C1D8F-0682-4F2C-8E1B-0A5776AAD736}.Release|Any CPU.ActiveCfg = Release|Any CPU
		{162C1D8F-0682-4F2C-8E1B-0A5776AAD736}.Release|Any CPU.Build.0 = Release|Any CPU
	EndGlobalSection
	GlobalSection(SolutionProperties) = preSolution
		HideSolutionNode = FALSE
	EndGlobalSection
	GlobalSection(ExtensibilityGlobals) = postSolution
		SolutionGuid = {94EF792F-1BCA-48A7-9714-3A5AC335293C}
	EndGlobalSection
EndGlobal
